
Microsoft Visual Studio Solution File, Format Version 12.00
# Visual Studio Version 17
VisualStudioVersion = 17.14.36310.24 d17.14
MinimumVisualStudioVersion = 10.0.40219.1
Project("{FAE04EC0-301F-11D3-BF4B-00C04F79EFBC}") = "Flight-Reservation-App", "Flight-Reservation-App\Flight-Reservation-App.csproj", "{356E10A0-E972-443E-889C-6548F5E3A5D9}"
EndProject
Global
	GlobalSection(SolutionConfigurationPlatforms) = preSolution
		Debug|Any CPU = Debug|Any CPU
		Release|Any CPU = Release|Any CPU
	EndGlobalSection
	GlobalSection(ProjectConfigurationPlatforms) = postSolution
		{356E10A0-E972-443E-889C-6548F5E3A5D9}.Debug|Any CPU.ActiveCfg = Debug|Any CPU
		{356E10A0-E972-443E-889C-6548F5E3A5D9}.Debug|Any CPU.Build.0 = Debug|Any CPU
		{356E10A0-E972-443E-889C-6548F5E3A5D9}.Release|Any CPU.ActiveCfg = Release|Any CPU
		{356E10A0-E972-443E-889C-6548F5E3A5D9}.Release|Any CPU.Build.0 = Release|Any CPU
	EndGlobalSection
	GlobalSection(SolutionProperties) = preSolution
		HideSolutionNode = FALSE
	EndGlobalSection
	GlobalSection(ExtensibilityGlobals) = postSolution
		SolutionGuid = {D4F27489-70AD-45D7-B208-508179406263}
	EndGlobalSection
EndGlobal
