
Microsoft Visual Studio Solution File, Format Version 12.00
# Visual Studio Version 18
VisualStudioVersion = 18.4.11626.88 stable
MinimumVisualStudioVersion = 10.0.40219.1
Project("{FAE04EC0-301F-11D3-BF4B-00C04F79EFBC}") = "Flight-Reservation-App", "Flight-Reservation-App\Flight-Reservation-App.csproj", "{356E10A0-E972-443E-889C-6548F5E3A5D9}"
EndProject
Project("{FAE04EC0-301F-11D3-BF4B-00C04F79EFBC}") = "Flight_ReservationGui", "Flight_ReservationGui\Flight_ReservationGui\Flight_ReservationGui.csproj", "{A6002846-4340-4B63-BD30-C58AD4C7C23E}"
EndProject
Global
	GlobalSection(SolutionConfigurationPlatforms) = preSolution
		Debug|Any CPU = Debug|Any CPU
		Debug|x64 = Debug|x64
		Release|Any CPU = Release|Any CPU
		Release|x64 = Release|x64
	EndGlobalSection
	GlobalSection(ProjectConfigurationPlatforms) = postSolution
		{356E10A0-E972-443E-889C-6548F5E3A5D9}.Debug|Any CPU.ActiveCfg = Debug|Any CPU
		{356E10A0-E972-443E-889C-6548F5E3A5D9}.Debug|Any CPU.Build.0 = Debug|Any CPU
		{356E10A0-E972-443E-889C-6548F5E3A5D9}.Debug|x64.ActiveCfg = Debug|Any CPU
		{356E10A0-E972-443E-889C-6548F5E3A5D9}.Debug|x64.Build.0 = Debug|Any CPU
		{356E10A0-E972-443E-889C-6548F5E3A5D9}.Release|Any CPU.ActiveCfg = Release|Any CPU
		{356E10A0-E972-443E-889C-6548F5E3A5D9}.Release|Any CPU.Build.0 = Release|Any CPU
		{356E10A0-E972-443E-889C-6548F5E3A5D9}.Release|x64.ActiveCfg = Release|Any CPU
		{356E10A0-E972-443E-889C-6548F5E3A5D9}.Release|x64.Build.0 = Release|Any CPU
		{A6002846-4340-4B63-BD30-C58AD4C7C23E}.Debug|Any CPU.ActiveCfg = Debug|x64
		{A6002846-4340-4B63-BD30-C58AD4C7C23E}.Debug|Any CPU.Build.0 = Debug|x64
		{A6002846-4340-4B63-BD30-C58AD4C7C23E}.Debug|Any CPU.Deploy.0 = Debug|x64
		{A6002846-4340-4B63-BD30-C58AD4C7C23E}.Debug|x64.ActiveCfg = Debug|x64
		{A6002846-4340-4B63-BD30-C58AD4C7C23E}.Debug|x64.Build.0 = Debug|x64
		{A6002846-4340-4B63-BD30-C58AD4C7C23E}.Debug|x64.Deploy.0 = Debug|x64
		{A6002846-4340-4B63-BD30-C58AD4C7C23E}.Release|Any CPU.ActiveCfg = Release|x64
		{A6002846-4340-4B63-BD30-C58AD4C7C23E}.Release|Any CPU.Build.0 = Release|x64
		{A6002846-4340-4B63-BD30-C58AD4C7C23E}.Release|x64.ActiveCfg = Release|x64
		{A6002846-4340-4B63-BD30-C58AD4C7C23E}.Release|x64.Build.0 = Release|x64
		{A6002846-4340-4B63-BD30-C58AD4C7C23E}.Release|x64.Deploy.0 = Release|x64
	EndGlobalSection
	GlobalSection(SolutionProperties) = preSolution
		HideSolutionNode = FALSE
	EndGlobalSection
	GlobalSection(ExtensibilityGlobals) = postSolution
		SolutionGuid = {D4F27489-70AD-45D7-B208-508179406263}
	EndGlobalSection
EndGlobal
